
Microsoft Visual Studio Solution File, Format Version 12.00
# Visual Studio 15
VisualStudioVersion = 15.0.28307.572
MinimumVisualStudioVersion = 10.0.40219.1
Project("{FAE04EC0-301F-11D3-BF4B-00C04F79EFBC}") = "WcfRestService", "WCFBooksRestService\WcfRestService.csproj", "{5BDBDEF2-1EAA-44C4-9331-8256BDE5ED48}"
EndProject
Project("{E24C65DC-7377-472B-9ABA-BC803B73C61A}") = "wcf-books-react", "wcf-books-react\", "{B524B5B3-9184-4ABA-A0F7-F9F29327EB9C}"
	ProjectSection(WebsiteProperties) = preProject
		TargetFrameworkMoniker = ".NETFramework,Version%3Dv4.0"
		Debug.AspNetCompiler.VirtualPath = "/localhost_51977"
		Debug.AspNetCompiler.PhysicalPath = "wcf-books-react\"
		Debug.AspNetCompiler.TargetPath = "PrecompiledWeb\localhost_51977\"
		Debug.AspNetCompiler.Updateable = "true"
		Debug.AspNetCompiler.ForceOverwrite = "true"
		Debug.AspNetCompiler.FixedNames = "false"
		Debug.AspNetCompiler.Debug = "True"
		Release.AspNetCompiler.VirtualPath = "/localhost_51977"
		Release.AspNetCompiler.PhysicalPath = "wcf-books-react\"
		Release.AspNetCompiler.TargetPath = "PrecompiledWeb\localhost_51977\"
		Release.AspNetCompiler.Updateable = "true"
		Release.AspNetCompiler.ForceOverwrite = "true"
		Release.AspNetCompiler.FixedNames = "false"
		Release.AspNetCompiler.Debug = "False"
		VWDPort = "51977"
		SlnRelativePath = "wcf-books-react\"
	EndProjectSection
EndProject
Global
	GlobalSection(SolutionConfigurationPlatforms) = preSolution
		Debug|Any CPU = Debug|Any CPU
		Release|Any CPU = Release|Any CPU
	EndGlobalSection
	GlobalSection(ProjectConfigurationPlatforms) = postSolution
		{5BDBDEF2-1EAA-44C4-9331-8256BDE5ED48}.Debug|Any CPU.ActiveCfg = Debug|Any CPU
		{5BDBDEF2-1EAA-44C4-9331-8256BDE5ED48}.Debug|Any CPU.Build.0 = Debug|Any CPU
		{5BDBDEF2-1EAA-44C4-9331-8256BDE5ED48}.Release|Any CPU.ActiveCfg = Release|Any CPU
		{5BDBDEF2-1EAA-44C4-9331-8256BDE5ED48}.Release|Any CPU.Build.0 = Release|Any CPU
		{B524B5B3-9184-4ABA-A0F7-F9F29327EB9C}.Debug|Any CPU.ActiveCfg = Debug|Any CPU
		{B524B5B3-9184-4ABA-A0F7-F9F29327EB9C}.Debug|Any CPU.Build.0 = Debug|Any CPU
		{B524B5B3-9184-4ABA-A0F7-F9F29327EB9C}.Release|Any CPU.ActiveCfg = Debug|Any CPU
		{B524B5B3-9184-4ABA-A0F7-F9F29327EB9C}.Release|Any CPU.Build.0 = Debug|Any CPU
	EndGlobalSection
	GlobalSection(SolutionProperties) = preSolution
		HideSolutionNode = FALSE
	EndGlobalSection
	GlobalSection(ExtensibilityGlobals) = postSolution
		SolutionGuid = {635B9480-8CBB-40FC-838A-24979B1664F2}
	EndGlobalSection
EndGlobal
